Microsoft Visual Studio Solution File, Format Version 12.00
# Visual Studio Version 17
VisualStudioVersion = 17.5.2.0
MinimumVisualStudioVersion = 10.0.40219.1
Project("{FAE04EC0-301F-11D3-BF4B-00C04F79EFBC}") = "CredibillMauiApp", "CredibillMauiApp.csproj", "{20C14082-868D-A886-3989-3C213468FD08}"
EndProject
Global
	GlobalSection(SolutionConfigurationPlatforms) = preSolution
		Debug|Any CPU = Debug|Any CPU
		Release|Any CPU = Release|Any CPU
	EndGlobalSection
	GlobalSection(ProjectConfigurationPlatforms) = postSolution
		{20C14082-868D-A886-3989-3C213468FD08}.Debug|Any CPU.ActiveCfg = Debug|Any CPU
		{20C14082-868D-A886-3989-3C213468FD08}.Debug|Any CPU.Build.0 = Debug|Any CPU
		{20C14082-868D-A886-3989-3C213468FD08}.Release|Any CPU.ActiveCfg = Release|Any CPU
		{20C14082-868D-A886-3989-3C213468FD08}.Release|Any CPU.Build.0 = Release|Any CPU
	EndGlobalSection
	GlobalSection(SolutionProperties) = preSolution
		HideSolutionNode = FALSE
	EndGlobalSection
	GlobalSection(ExtensibilityGlobals) = postSolution
		SolutionGuid = {0EF5251A-B3EC-40A0-8E3C-0946E017ECC2}
	EndGlobalSection
EndGlobal
